
Microsoft Visual Studio Solution File, Format Version 12.00
# Visual Studio Version 17
VisualStudioVersion = 17.0.32126.317
MinimumVisualStudioVersion = 10.0.40219.1
Project("{FAE04EC0-301F-11D3-BF4B-00C04F79EFBC}") = "RozaTEX_Otomasyon_2", "RozaTEX_Otomasyon_2\RozaTEX_Otomasyon_2.csproj", "{4FFD1FE2-E96C-468D-9EF6-35438F84B4B5}"
EndProject
Project("{54435603-DBB4-11D2-8724-00A0C9A8B90C}") = "RozaTEXOtomasyonSetup", "RozaTEXOtomasyonSetup\RozaTEXOtomasyonSetup.vdproj", "{D905A392-5B8C-4BA8-8430-204FCB644820}"
EndProject
Global
	GlobalSection(SolutionConfigurationPlatforms) = preSolution
		Debug|Any CPU = Debug|Any CPU
		Release|Any CPU = Release|Any CPU
	EndGlobalSection
	GlobalSection(ProjectConfigurationPlatforms) = postSolution
		{4FFD1FE2-E96C-468D-9EF6-35438F84B4B5}.Debug|Any CPU.ActiveCfg = Debug|Any CPU
		{4FFD1FE2-E96C-468D-9EF6-35438F84B4B5}.Debug|Any CPU.Build.0 = Debug|Any CPU
		{4FFD1FE2-E96C-468D-9EF6-35438F84B4B5}.Release|Any CPU.ActiveCfg = Release|Any CPU
		{4FFD1FE2-E96C-468D-9EF6-35438F84B4B5}.Release|Any CPU.Build.0 = Release|Any CPU
		{D905A392-5B8C-4BA8-8430-204FCB644820}.Debug|Any CPU.ActiveCfg = Debug
		{D905A392-5B8C-4BA8-8430-204FCB644820}.Release|Any CPU.ActiveCfg = Release
	EndGlobalSection
	GlobalSection(SolutionProperties) = preSolution
		HideSolutionNode = FALSE
	EndGlobalSection
	GlobalSection(ExtensibilityGlobals) = postSolution
		SolutionGuid = {29745656-53E3-40CB-B25F-03C4C8EA3B20}
	EndGlobalSection
EndGlobal
